
Microsoft Visual Studio Solution File, Format Version 12.00
# Visual Studio Version 16
VisualStudioVersion = 16.0.29215.179
MinimumVisualStudioVersion = 10.0.40219.1
Project("{FAE04EC0-301F-11D3-BF4B-00C04F79EFBC}") = "WebApiCoreCustomerProj", "WebApiCoreCustomerProj\WebApiCoreCustomerProj.csproj", "{51C6340B-37F9-441C-9909-DC6AA1D99C5B}"
EndProject
Global
	GlobalSection(SolutionConfigurationPlatforms) = preSolution
		Debug|Any CPU = Debug|Any CPU
		Release|Any CPU = Release|Any CPU
	EndGlobalSection
	GlobalSection(ProjectConfigurationPlatforms) = postSolution
		{51C6340B-37F9-441C-9909-DC6AA1D99C5B}.Debug|Any CPU.ActiveCfg = Debug|Any CPU
		{51C6340B-37F9-441C-9909-DC6AA1D99C5B}.Debug|Any CPU.Build.0 = Debug|Any CPU
		{51C6340B-37F9-441C-9909-DC6AA1D99C5B}.Release|Any CPU.ActiveCfg = Release|Any CPU
		{51C6340B-37F9-441C-9909-DC6AA1D99C5B}.Release|Any CPU.Build.0 = Release|Any CPU
	EndGlobalSection
	GlobalSection(SolutionProperties) = preSolution
		HideSolutionNode = FALSE
	EndGlobalSection
	GlobalSection(ExtensibilityGlobals) = postSolution
		SolutionGuid = {21415D4E-B65B-48A3-A13A-95F34EF00E82}
	EndGlobalSection
EndGlobal
